
Microsoft Visual Studio Solution File, Format Version 12.00
# Visual Studio Version 16
VisualStudioVersion = 16.0.32602.291
MinimumVisualStudioVersion = 10.0.40219.1
Project("{9A19103F-16F7-4668-BE54-9A1E7A4F7556}") = "FluentValidationApp.Web", "FluentValidationApp.Web\FluentValidationApp.Web.csproj", "{ADD69BB2-C9DE-43C8-9FE1-AA7381900704}"
EndProject
Project("{9A19103F-16F7-4668-BE54-9A1E7A4F7556}") = "RateLimit.API", "RateLimit.API\RateLimit.API.csproj", "{87B0B376-DCAF-46D6-A9D6-689B8F7C130E}"
EndProject
Project("{9A19103F-16F7-4668-BE54-9A1E7A4F7556}") = "SmidgeApp.Web", "SmidgeApp.Web\SmidgeApp.Web.csproj", "{33B9CF35-BC24-494B-812B-835AC2AE90C5}"
EndProject
Project("{9A19103F-16F7-4668-BE54-9A1E7A4F7556}") = "HangFire.Web", "HangFire.Web\HangFire.Web.csproj", "{3E407FB9-0F82-43DD-B36F-55CC1046BBC9}"
EndProject
Project("{9A19103F-16F7-4668-BE54-9A1E7A4F7556}") = "ErrorHandling", "ErrorHandling\ErrorHandling.csproj", "{4165A11E-81C6-4ED0-8F8B-8DDD2640D6B3}"
EndProject
Project("{FAE04EC0-301F-11D3-BF4B-00C04F79EFBC}") = "Logging.Web", "Logging.Web\Logging.Web.csproj", "{FF18CD0E-AC24-4FA0-A2F9-A0186BD379AE}"
EndProject
Global
	GlobalSection(SolutionConfigurationPlatforms) = preSolution
		Debug|Any CPU = Debug|Any CPU
		Release|Any CPU = Release|Any CPU
	EndGlobalSection
	GlobalSection(ProjectConfigurationPlatforms) = postSolution
		{ADD69BB2-C9DE-43C8-9FE1-AA7381900704}.Debug|Any CPU.ActiveCfg = Debug|Any CPU
		{ADD69BB2-C9DE-43C8-9FE1-AA7381900704}.Debug|Any CPU.Build.0 = Debug|Any CPU
		{ADD69BB2-C9DE-43C8-9FE1-AA7381900704}.Release|Any CPU.ActiveCfg = Release|Any CPU
		{ADD69BB2-C9DE-43C8-9FE1-AA7381900704}.Release|Any CPU.Build.0 = Release|Any CPU
		{87B0B376-DCAF-46D6-A9D6-689B8F7C130E}.Debug|Any CPU.ActiveCfg = Debug|Any CPU
		{87B0B376-DCAF-46D6-A9D6-689B8F7C130E}.Debug|Any CPU.Build.0 = Debug|Any CPU
		{87B0B376-DCAF-46D6-A9D6-689B8F7C130E}.Release|Any CPU.ActiveCfg = Release|Any CPU
		{87B0B376-DCAF-46D6-A9D6-689B8F7C130E}.Release|Any CPU.Build.0 = Release|Any CPU
		{33B9CF35-BC24-494B-812B-835AC2AE90C5}.Debug|Any CPU.ActiveCfg = Debug|Any CPU
		{33B9CF35-BC24-494B-812B-835AC2AE90C5}.Debug|Any CPU.Build.0 = Debug|Any CPU
		{33B9CF35-BC24-494B-812B-835AC2AE90C5}.Release|Any CPU.ActiveCfg = Release|Any CPU
		{33B9CF35-BC24-494B-812B-835AC2AE90C5}.Release|Any CPU.Build.0 = Release|Any CPU
		{3E407FB9-0F82-43DD-B36F-55CC1046BBC9}.Debug|Any CPU.ActiveCfg = Debug|Any CPU
		{3E407FB9-0F82-43DD-B36F-55CC1046BBC9}.Debug|Any CPU.Build.0 = Debug|Any CPU
		{3E407FB9-0F82-43DD-B36F-55CC1046BBC9}.Release|Any CPU.ActiveCfg = Release|Any CPU
		{3E407FB9-0F82-43DD-B36F-55CC1046BBC9}.Release|Any CPU.Build.0 = Release|Any CPU
		{4165A11E-81C6-4ED0-8F8B-8DDD2640D6B3}.Debug|Any CPU.ActiveCfg = Debug|Any CPU
		{4165A11E-81C6-4ED0-8F8B-8DDD2640D6B3}.Debug|Any CPU.Build.0 = Debug|Any CPU
		{4165A11E-81C6-4ED0-8F8B-8DDD2640D6B3}.Release|Any CPU.ActiveCfg = Release|Any CPU
		{4165A11E-81C6-4ED0-8F8B-8DDD2640D6B3}.Release|Any CPU.Build.0 = Release|Any CPU
		{FF18CD0E-AC24-4FA0-A2F9-A0186BD379AE}.Debug|Any CPU.ActiveCfg = Debug|Any CPU
		{FF18CD0E-AC24-4FA0-A2F9-A0186BD379AE}.Debug|Any CPU.Build.0 = Debug|Any CPU
		{FF18CD0E-AC24-4FA0-A2F9-A0186BD379AE}.Release|Any CPU.ActiveCfg = Release|Any CPU
		{FF18CD0E-AC24-4FA0-A2F9-A0186BD379AE}.Release|Any CPU.Build.0 = Release|Any CPU
	EndGlobalSection
	GlobalSection(SolutionProperties) = preSolution
		HideSolutionNode = FALSE
	EndGlobalSection
	GlobalSection(ExtensibilityGlobals) = postSolution
		SolutionGuid = {640859E0-3D5A-47D0-8ADF-97CA7F375DDE}
	EndGlobalSection
EndGlobal
